PODS:
  - FTencentSDK (0.0.2)
  - FWeiXinSDK (0.0.3)
  - WeiboSDK (3.1.3)

DEPENDENCIES:
  - FTencentSDK (~> 0.0.2)
  - FWeiXinSDK (~> 0.0.3)
  - WeiboSDK (~> 3.1.3)

SPEC CHECKSUMS:
  FTencentSDK: 70dda8c630ce2c743ccb1b20f67079672f255ace
  FWeiXinSDK: 8147196f477878bc44451abaeb81b471f3718943
  WeiboSDK: acb067053668102cf07d01aa7604350162c2e466

PODFILE CHECKSUM: 7b3abcbddbfb2f0b4c4c5a9204cb04b3417044c2

COCOAPODS: 1.0.1
